// !$*UTF8*$!
{
	archiveVersion = 1;
	classes = {
	};
	objectVersion = 56;
	objects = {

/* Begin PBXBuildFile section */
		C8717B912BEEE2540004B21E /* Assets.xcassets in Resources */ = {isa = PBXBuildFile; fileRef = C8717B902BEEE2540004B21E /* Assets.xcassets */; };
		C8717BA12BEEE3350004B21E /* animate.cpp in Sources */ = {isa = PBXBuildFile; fileRef = C8717B9E2BEEE3350004B21E /* animate.cpp */; };
		C8717BA22BEEE3350004B21E /* test.cpp in Sources */ = {isa = PBXBuildFile; fileRef = C8717B9F2BEEE3350004B21E /* test.cpp */; };
		C8717BA62BEEE3640004B21E /* SDL2_image.framework in Frameworks */ = {isa = PBXBuildFile; fileRef = C8717BA42BEEE3640004B21E /* SDL2_image.framework */; };
		C8717BA72BEEE3640004B21E /* SDL2_image.framework in Embed Frameworks */ = {isa = PBXBuildFile; fileRef = C8717BA42BEEE3640004B21E /* SDL2_image.framework */; settings = {ATTRIBUTES = (CodeSignOnCopy, RemoveHeadersOnCopy, ); }; };
		C8717BA82BEEE3640004B21E /* SDL2.framework in Frameworks */ = {isa = PBXBuildFile; fileRef = C8717BA52BEEE3640004B21E /* SDL2.framework */; };
		C8717BA92BEEE3640004B21E /* SDL2.framework in Embed Frameworks */ = {isa = PBXBuildFile; fileRef = C8717BA52BEEE3640004B21E /* SDL2.framework */; settings = {ATTRIBUTES = (CodeSignOnCopy, RemoveHeadersOnCopy, ); }; };
		C8717BAC2BEEE3940004B21E /* Assets in Resources */ = {isa = PBXBuildFile; fileRef = C8717BAB2BEEE3940004B21E /* Assets */; };
/* End PBXBuildFile section */

/* Begin PBXCopyFilesBuildPhase section */
		C8717BAA2BEEE3640004B21E /* Embed Frameworks */ = {
			isa = PBXCopyFilesBuildPhase;
			buildActionMask = 2147483647;
			dstPath = "";
			dstSubfolderSpec = 10;
			files = (
				C8717BA72BEEE3640004B21E /* SDL2_image.framework in Embed Frameworks */,
				C8717BA92BEEE3640004B21E /* SDL2.framework in Embed Frameworks */,
			);
			name = "Embed Frameworks";
			runOnlyForDeploymentPostprocessing = 0;
		};
/* End PBXCopyFilesBuildPhase section */

/* Begin PBXFileReference section */
		C8717B8A2BEEE2520004B21E /* bouncing-ball.app */ = {isa = PBXFileReference; explicitFileType = wrapper.application; includeInIndex = 0; path = "bouncing-ball.app"; sourceTree = BUILT_PRODUCTS_DIR; };
		C8717B902BEEE2540004B21E /* Assets.xcassets */ = {isa = PBXFileReference; lastKnownFileType = folder.assetcatalog; path = Assets.xcassets; sourceTree = "<group>"; };
		C8717B972BEEE2540004B21E /* bouncing_ball.entitlements */ = {isa = PBXFileReference; lastKnownFileType = text.plist.entitlements; path = bouncing_ball.entitlements; sourceTree = "<group>"; };
		C8717B9D2BEEE3350004B21E /* animate.h */ = {isa = PBXFileReference; fileEncoding = 4; lastKnownFileType = sourcecode.c.h; path = animate.h; sourceTree = "<group>"; };
		C8717B9E2BEEE3350004B21E /* animate.cpp */ = {isa = PBXFileReference; fileEncoding = 4; lastKnownFileType = sourcecode.cpp.cpp; path = animate.cpp; sourceTree = "<group>"; };
		C8717B9F2BEEE3350004B21E /* test.cpp */ = {isa = PBXFileReference; fileEncoding = 4; lastKnownFileType = sourcecode.cpp.cpp; path = test.cpp; sourceTree = "<group>"; };
		C8717BA02BEEE3350004B21E /* test.h */ = {isa = PBXFileReference; fileEncoding = 4; lastKnownFileType = sourcecode.c.h; path = test.h; sourceTree = "<group>"; };
		C8717BA42BEEE3640004B21E /* SDL2_image.framework */ = {isa = PBXFileReference; lastKnownFileType = wrapper.framework; path = SDL2_image.framework; sourceTree = "<group>"; };
		C8717BA52BEEE3640004B21E /* SDL2.framework */ = {isa = PBXFileReference; lastKnownFileType = wrapper.framework; path = SDL2.framework; sourceTree = "<group>"; };
		C8717BAB2BEEE3940004B21E /* Assets */ = {isa = PBXFileReference; lastKnownFileType = folder; name = Assets; path = "bouncing-ball/Assets"; sourceTree = "<group>"; };
/* End PBXFileReference section */

/* Begin PBXFrameworksBuildPhase section */
		C8717B872BEEE2520004B21E /* Frameworks */ = {
			isa = PBXFrameworksBuildPhase;
			buildActionMask = 2147483647;
			files = (
				C8717BA62BEEE3640004B21E /* SDL2_image.framework in Frameworks */,
				C8717BA82BEEE3640004B21E /* SDL2.framework in Frameworks */,
			);
			runOnlyForDeploymentPostprocessing = 0;
		};
/* End PBXFrameworksBuildPhase section */

/* Begin PBXGroup section */
		C8717B812BEEE2520004B21E = {
			isa = PBXGroup;
			children = (
				C8717BAB2BEEE3940004B21E /* Assets */,
				C8717B8C2BEEE2520004B21E /* bouncing-ball */,
				C8717B8B2BEEE2520004B21E /* Products */,
				C8717BA32BEEE3640004B21E /* Frameworks */,
			);
			sourceTree = "<group>";
		};
		C8717B8B2BEEE2520004B21E /* Products */ = {
			isa = PBXGroup;
			children = (
				C8717B8A2BEEE2520004B21E /* bouncing-ball.app */,
			);
			name = Products;
			sourceTree = "<group>";
		};
		C8717B8C2BEEE2520004B21E /* bouncing-ball */ = {
			isa = PBXGroup;
			children = (
				C8717B9E2BEEE3350004B21E /* animate.cpp */,
				C8717B9D2BEEE3350004B21E /* animate.h */,
				C8717B9F2BEEE3350004B21E /* test.cpp */,
				C8717BA02BEEE3350004B21E /* test.h */,
				C8717B902BEEE2540004B21E /* Assets.xcassets */,
				C8717B972BEEE2540004B21E /* bouncing_ball.entitlements */,
			);
			path = "bouncing-ball";
			sourceTree = "<group>";
		};
		C8717BA32BEEE3640004B21E /* Frameworks */ = {
			isa = PBXGroup;
			children = (
				C8717BA42BEEE3640004B21E /* SDL2_image.framework */,
				C8717BA52BEEE3640004B21E /* SDL2.framework */,
			);
			name = Frameworks;
			sourceTree = "<group>";
		};
/* End PBXGroup section */

/* Begin PBXNativeTarget section */
		C8717B892BEEE2520004B21E /* bouncing-ball */ = {
			isa = PBXNativeTarget;
			buildConfigurationList = C8717B9A2BEEE2540004B21E /* Build configuration list for PBXNativeTarget "bouncing-ball" */;
			buildPhases = (
				C8717B862BEEE2520004B21E /* Sources */,
				C8717B872BEEE2520004B21E /* Frameworks */,
				C8717B882BEEE2520004B21E /* Resources */,
				C8717BAA2BEEE3640004B21E /* Embed Frameworks */,
			);
			buildRules = (
			);
			dependencies = (
			);
			name = "bouncing-ball";
			productName = "bouncing-ball";
			productReference = C8717B8A2BEEE2520004B21E /* bouncing-ball.app */;
			productType = "com.apple.product-type.application";
		};
/* End PBXNativeTarget section */

/* Begin PBXProject section */
		C8717B822BEEE2520004B21E /* Project object */ = {
			isa = PBXProject;
			attributes = {
				BuildIndependentTargetsInParallel = 1;
				LastUpgradeCheck = 1530;
				TargetAttributes = {
					C8717B892BEEE2520004B21E = {
						CreatedOnToolsVersion = 15.3;
					};
				};
			};
			buildConfigurationList = C8717B852BEEE2520004B21E /* Build configuration list for PBXProject "bouncing-ball" */;
			compatibilityVersion = "Xcode 14.0";
			developmentRegion = en;
			hasScannedForEncodings = 0;
			knownRegions = (
				en,
				Base,
			);
			mainGroup = C8717B812BEEE2520004B21E;
			productRefGroup = C8717B8B2BEEE2520004B21E /* Products */;
			projectDirPath = "";
			projectRoot = "";
			targets = (
				C8717B892BEEE2520004B21E /* bouncing-ball */,
			);
		};
/* End PBXProject section */

/* Begin PBXResourcesBuildPhase section */
		C8717B882BEEE2520004B21E /* Resources */ = {
			isa = PBXResourcesBuildPhase;
			buildActionMask = 2147483647;
			files = (
				C8717B912BEEE2540004B21E /* Assets.xcassets in Resources */,
				C8717BAC2BEEE3940004B21E /* Assets in Resources */,
			);
			runOnlyForDeploymentPostprocessing = 0;
		};
/* End PBXResourcesBuildPhase section */

/* Begin PBXSourcesBuildPhase section */
		C8717B862BEEE2520004B21E /* Sources */ = {
			isa = PBXSourcesBuildPhase;
			buildActionMask = 2147483647;
			files = (
				C8717BA12BEEE3350004B21E /* animate.cpp in Sources */,
				C8717BA22BEEE3350004B21E /* test.cpp in Sources */,
			);
			runOnlyForDeploymentPostprocessing = 0;
		};
/* End PBXSourcesBuildPhase section */

/* Begin XCBuildConfiguration section */
		C8717B982BEEE2540004B21E /* Debug */ = {
			isa = XCBuildConfiguration;
			buildSettings = {
				ALWAYS_SEARCH_USER_PATHS = NO;
				ASSETCATALOG_COMPILER_GENERATE_SWIFT_ASSET_SYMBOL_EXTENSIONS = YES;
				CLANG_ANALYZER_NONNULL = YES;
				CLANG_ANALYZER_NUMBER_OBJECT_CONVERSION = YES_AGGRESSIVE;
				CLANG_CXX_LANGUAGE_STANDARD = "gnu++20";
				CLANG_ENABLE_MODULES = YES;
				CLANG_ENABLE_OBJC_ARC = YES;
				CLANG_ENABLE_OBJC_WEAK = YES;
				CLANG_WARN_BLOCK_CAPTURE_AUTORELEASING = YES;
				CLANG_WARN_BOOL_CONVERSION = YES;
				CLANG_WARN_COMMA = YES;
				CLANG_WARN_CONSTANT_CONVERSION = YES;
				CLANG_WARN_DEPRECATED_OBJC_IMPLEMENTATIONS = YES;
				CLANG_WARN_DIRECT_OBJC_ISA_USAGE = YES_ERROR;
				CLANG_WARN_DOCUMENTATION_COMMENTS = YES;
				CLANG_WARN_EMPTY_BODY = YES;
				CLANG_WARN_ENUM_CONVERSION = YES;
				CLANG_WARN_INFINITE_RECURSION = YES;
				CLANG_WARN_INT_CONVERSION = YES;
				CLANG_WARN_NON_LITERAL_NULL_CONVERSION = YES;
				CLANG_WARN_OBJC_IMPLICIT_RETAIN_SELF = YES;
				CLANG_WARN_OBJC_LITERAL_CONVERSION = YES;
				CLANG_WARN_OBJC_ROOT_CLASS = YES_ERROR;
				CLANG_WARN_QUOTED_INCLUDE_IN_FRAMEWORK_HEADER = YES;
				CLANG_WARN_RANGE_LOOP_ANALYSIS = YES;
				CLANG_WARN_STRICT_PROTOTYPES = YES;
				CLANG_WARN_SUSPICIOUS_MOVE = YES;
				CLANG_WARN_UNGUARDED_AVAILABILITY = YES_AGGRESSIVE;
				CLANG_WARN_UNREACHABLE_CODE = YES;
				CLANG_WARN__DUPLICATE_METHOD_MATCH = YES;
				COPY_PHASE_STRIP = NO;
				DEBUG_INFORMATION_FORMAT = dwarf;
				ENABLE_STRICT_OBJC_MSGSEND = YES;
				ENABLE_TESTABILITY = YES;
				ENABLE_USER_SCRIPT_SANDBOXING = YES;
				GCC_C_LANGUAGE_STANDARD = gnu17;
				GCC_DYNAMIC_NO_PIC = NO;
				GCC_NO_COMMON_BLOCKS = YES;
				GCC_OPTIMIZATION_LEVEL = 0;
				GCC_PREPROCESSOR_DEFINITIONS = (
					"DEBUG=1",
					"$(inherited)",
				);
				GCC_WARN_64_TO_32_BIT_CONVERSION = YES;
				GCC_WARN_ABOUT_RETURN_TYPE = YES_ERROR;
				GCC_WARN_UNDECLARED_SELECTOR = YES;
				GCC_WARN_UNINITIALIZED_AUTOS = YES_AGGRESSIVE;
				GCC_WARN_UNUSED_FUNCTION = YES;
				GCC_WARN_UNUSED_VARIABLE = YES;
				LOCALIZATION_PREFERS_STRING_CATALOGS = YES;
				MACOSX_DEPLOYMENT_TARGET = 14.4;
				MTL_ENABLE_DEBUG_INFO = INCLUDE_SOURCE;
				MTL_FAST_MATH = YES;
				ONLY_ACTIVE_ARCH = YES;
				SDKROOT = macosx;
			};
			name = Debug;
		};
		C8717B992BEEE2540004B21E /* Release */ = {
			isa = XCBuildConfiguration;
			buildSettings = {
				ALWAYS_SEARCH_USER_PATHS = NO;
				ASSETCATALOG_COMPILER_GENERATE_SWIFT_ASSET_SYMBOL_EXTENSIONS = YES;
				CLANG_ANALYZER_NONNULL = YES;
				CLANG_ANALYZER_NUMBER_OBJECT_CONVERSION = YES_AGGRESSIVE;
				CLANG_CXX_LANGUAGE_STANDARD = "gnu++20";
				CLANG_ENABLE_MODULES = YES;
				CLANG_ENABLE_OBJC_ARC = YES;
				CLANG_ENABLE_OBJC_WEAK = YES;
				CLANG_WARN_BLOCK_CAPTURE_AUTORELEASING = YES;
				CLANG_WARN_BOOL_CONVERSION = YES;
				CLANG_WARN_COMMA = YES;
				CLANG_WARN_CONSTANT_CONVERSION = YES;
				CLANG_WARN_DEPRECATED_OBJC_IMPLEMENTATIONS = YES;
				CLANG_WARN_DIRECT_OBJC_ISA_USAGE = YES_ERROR;
				CLANG_WARN_DOCUMENTATION_COMMENTS = YES;
				CLANG_WARN_EMPTY_BODY = YES;
				CLANG_WARN_ENUM_CONVERSION = YES;
				CLANG_WARN_INFINITE_RECURSION = YES;
				CLANG_WARN_INT_CONVERSION = YES;
				CLANG_WARN_NON_LITERAL_NULL_CONVERSION = YES;
				CLANG_WARN_OBJC_IMPLICIT_RETAIN_SELF = YES;
				CLANG_WARN_OBJC_LITERAL_CONVERSION = YES;
				CLANG_WARN_OBJC_ROOT_CLASS = YES_ERROR;
				CLANG_WARN_QUOTED_INCLUDE_IN_FRAMEWORK_HEADER = YES;
				CLANG_WARN_RANGE_LOOP_ANALYSIS = YES;
				CLANG_WARN_STRICT_PROTOTYPES = YES;
				CLANG_WARN_SUSPICIOUS_MOVE = YES;
				CLANG_WARN_UNGUARDED_AVAILABILITY = YES_AGGRESSIVE;
				CLANG_WARN_UNREACHABLE_CODE = YES;
				CLANG_WARN__DUPLICATE_METHOD_MATCH = YES;
				COPY_PHASE_STRIP = NO;
				DEBUG_INFORMATION_FORMAT = "dwarf-with-dsym";
				ENABLE_NS_ASSERTIONS = NO;
				ENABLE_STRICT_OBJC_MSGSEND = YES;
				ENABLE_USER_SCRIPT_SANDBOXING = YES;
				GCC_C_LANGUAGE_STANDARD = gnu17;
				GCC_NO_COMMON_BLOCKS = YES;
				GCC_WARN_64_TO_32_BIT_CONVERSION = YES;
				GCC_WARN_ABOUT_RETURN_TYPE = YES_ERROR;
				GCC_WARN_UNDECLARED_SELECTOR = YES;
				GCC_WARN_UNINITIALIZED_AUTOS = YES_AGGRESSIVE;
				GCC_WARN_UNUSED_FUNCTION = YES;
				GCC_WARN_UNUSED_VARIABLE = YES;
				LOCALIZATION_PREFERS_STRING_CATALOGS = YES;
				MACOSX_DEPLOYMENT_TARGET = 14.4;
				MTL_ENABLE_DEBUG_INFO = NO;
				MTL_FAST_MATH = YES;
				SDKROOT = macosx;
			};
			name = Release;
		};
		C8717B9B2BEEE2540004B21E /* Debug */ = {
			isa = XCBuildConfiguration;
			buildSettings = {
				ASSETCATALOG_COMPILER_APPICON_NAME = AppIcon;
				ASSETCATALOG_COMPILER_GLOBAL_ACCENT_COLOR_NAME = AccentColor;
				CODE_SIGN_ENTITLEMENTS = "bouncing-ball/bouncing_ball.entitlements";
				CODE_SIGN_STYLE = Automatic;
				COMBINE_HIDPI_IMAGES = YES;
				CURRENT_PROJECT_VERSION = 1;
				DEVELOPMENT_TEAM = YB96YMBBS3;
				ENABLE_HARDENED_RUNTIME = YES;
				FRAMEWORK_SEARCH_PATHS = (
					"$(inherited)",
					"$(PROJECT_DIR)",
				);
				GENERATE_INFOPLIST_FILE = YES;
				INFOPLIST_KEY_NSHumanReadableCopyright = "";
				INFOPLIST_KEY_NSMainNibFile = MainMenu;
				INFOPLIST_KEY_NSPrincipalClass = NSApplication;
				LD_RUNPATH_SEARCH_PATHS = (
					"$(inherited)",
					"@executable_path/../Frameworks",
				);
				MARKETING_VERSION = 1.0;
				PRODUCT_BUNDLE_IDENTIFIER = "organization.bouncing-ball";
				PRODUCT_NAME = "$(TARGET_NAME)";
				SWIFT_EMIT_LOC_STRINGS = YES;
			};
			name = Debug;
		};
		C8717B9C2BEEE2540004B21E /* Release */ = {
			isa = XCBuildConfiguration;
			buildSettings = {
				ASSETCATALOG_COMPILER_APPICON_NAME = AppIcon;
				ASSETCATALOG_COMPILER_GLOBAL_ACCENT_COLOR_NAME = AccentColor;
				CODE_SIGN_ENTITLEMENTS = "bouncing-ball/bouncing_ball.entitlements";
				CODE_SIGN_STYLE = Automatic;
				COMBINE_HIDPI_IMAGES = YES;
				CURRENT_PROJECT_VERSION = 1;
				DEVELOPMENT_TEAM = YB96YMBBS3;
				ENABLE_HARDENED_RUNTIME = YES;
				FRAMEWORK_SEARCH_PATHS = (
					"$(inherited)",
					"$(PROJECT_DIR)",
				);
				GENERATE_INFOPLIST_FILE = YES;
				INFOPLIST_KEY_NSHumanReadableCopyright = "";
				INFOPLIST_KEY_NSMainNibFile = MainMenu;
				INFOPLIST_KEY_NSPrincipalClass = NSApplication;
				LD_RUNPATH_SEARCH_PATHS = (
					"$(inherited)",
					"@executable_path/../Frameworks",
				);
				MARKETING_VERSION = 1.0;
				PRODUCT_BUNDLE_IDENTIFIER = "organization.bouncing-ball";
				PRODUCT_NAME = "$(TARGET_NAME)";
				SWIFT_EMIT_LOC_STRINGS = YES;
			};
			name = Release;
		};
/* End XCBuildConfiguration section */

/* Begin XCConfigurationList section */
		C8717B852BEEE2520004B21E /* Build configuration list for PBXProject "bouncing-ball" */ = {
			isa = XCConfigurationList;
			buildConfigurations = (
				C8717B982BEEE2540004B21E /* Debug */,
				C8717B992BEEE2540004B21E /* Release */,
			);
			defaultConfigurationIsVisible = 0;
			defaultConfigurationName = Release;
		};
		C8717B9A2BEEE2540004B21E /* Build configuration list for PBXNativeTarget "bouncing-ball" */ = {
			isa = XCConfigurationList;
			buildConfigurations = (
				C8717B9B2BEEE2540004B21E /* Debug */,
				C8717B9C2BEEE2540004B21E /* Release */,
			);
			defaultConfigurationIsVisible = 0;
			defaultConfigurationName = Release;
		};
/* End XCConfigurationList section */
	};
	rootObject = C8717B822BEEE2520004B21E /* Project object */;
}
